
Microsoft Visual Studio Solution File, Format Version 12.00
# Visual Studio Version 16
VisualStudioVersion = 16.0.29613.14
MinimumVisualStudioVersion = 10.0.40219.1
Project("{FAE04EC0-301F-11D3-BF4B-00C04F79EFBC}") = "ChatServer", "ChatServer.csproj", "{FC6C9E04-AFA0-4121-A2ED-0F3B99B14735}"
EndProject
Global
	GlobalSection(SolutionConfigurationPlatforms) = preSolution
		Debug|Any CPU = Debug|Any CPU
		Release|Any CPU = Release|Any CPU
	EndGlobalSection
	GlobalSection(ProjectConfigurationPlatforms) = postSolution
		{FC6C9E04-AFA0-4121-A2ED-0F3B99B14735}.Debug|Any CPU.ActiveCfg = Debug|Any CPU
		{FC6C9E04-AFA0-4121-A2ED-0F3B99B14735}.Debug|Any CPU.Build.0 = Debug|Any CPU
		{FC6C9E04-AFA0-4121-A2ED-0F3B99B14735}.Release|Any CPU.ActiveCfg = Release|Any CPU
		{FC6C9E04-AFA0-4121-A2ED-0F3B99B14735}.Release|Any CPU.Build.0 = Release|Any CPU
	EndGlobalSection
	GlobalSection(SolutionProperties) = preSolution
		HideSolutionNode = FALSE
	EndGlobalSection
	GlobalSection(ExtensibilityGlobals) = postSolution
		SolutionGuid = {DDF23F81-13C0-4002-A994-641D0A54615B}
	EndGlobalSection
EndGlobal
